// !$*UTF8*$!
{
	archiveVersion = 1;
	classes = {
	};
	objectVersion = 50;
	objects = {

/* Begin PBXBuildFile section */
		9822FE8126D9DCC300BDD510 /* AppDelegate.swift in Sources */ = {isa = PBXBuildFile; fileRef = 9822FE8026D9DCC300BDD510 /* AppDelegate.swift */; };
		9822FE8326D9DCC300BDD510 /* SceneDelegate.swift in Sources */ = {isa = PBXBuildFile; fileRef = 9822FE8226D9DCC300BDD510 /* SceneDelegate.swift */; };
		9822FE8526D9DCC300BDD510 /* ViewController.swift in Sources */ = {isa = PBXBuildFile; fileRef = 9822FE8426D9DCC300BDD510 /* ViewController.swift */; };
		9822FE8826D9DCC300BDD510 /* Main.storyboard in Resources */ = {isa = PBXBuildFile; fileRef = 9822FE8626D9DCC300BDD510 /* Main.storyboard */; };
		9822FE8A26D9DCD200BDD510 /* Assets.xcassets in Resources */ = {isa = PBXBuildFile; fileRef = 9822FE8926D9DCD200BDD510 /* Assets.xcassets */; };
		9822FE8D26D9DCD200BDD510 /* LaunchScreen.storyboard in Resources */ = {isa = PBXBuildFile; fileRef = 9822FE8B26D9DCD200BDD510 /* LaunchScreen.storyboard */; };
		9822FE9826D9DCD300BDD510 /* Practica3Tests.swift in Sources */ = {isa = PBXBuildFile; fileRef = 9822FE9726D9DCD300BDD510 /* Practica3Tests.swift */; };
		9822FEA326D9DCD300BDD510 /* Practica3UITests.swift in Sources */ = {isa = PBXBuildFile; fileRef = 9822FEA226D9DCD300BDD510 /* Practica3UITests.swift */; };
/* End PBXBuildFile section */

/* Begin PBXContainerItemProxy section */
		9822FE9426D9DCD300BDD510 /* PBXContainerItemProxy */ = {
			isa = PBXContainerItemProxy;
			containerPortal = 9822FE7526D9DCC200BDD510 /* Project object */;
			proxyType = 1;
			remoteGlobalIDString = 9822FE7C26D9DCC200BDD510;
			remoteInfo = Practica3;
		};
		9822FE9F26D9DCD300BDD510 /* PBXContainerItemProxy */ = {
			isa = PBXContainerItemProxy;
			containerPortal = 9822FE7526D9DCC200BDD510 /* Project object */;
			proxyType = 1;
			remoteGlobalIDString = 9822FE7C26D9DCC200BDD510;
			remoteInfo = Practica3;
		};
/* End PBXContainerItemProxy section */

/* Begin PBXFileReference section */
		9822FE7D26D9DCC300BDD510 /* Practica3.app */ = {isa = PBXFileReference; explicitFileType = wrapper.application; includeInIndex = 0; path = Practica3.app; sourceTree = BUILT_PRODUCTS_DIR; };
		9822FE8026D9DCC300BDD510 /* AppDelegate.swift */ = {isa = PBXFileReference; lastKnownFileType = sourcecode.swift; path = AppDelegate.swift; sourceTree = "<group>"; };
		9822FE8226D9DCC300BDD510 /* SceneDelegate.swift */ = {isa = PBXFileReference; lastKnownFileType = sourcecode.swift; path = SceneDelegate.swift; sourceTree = "<group>"; };
		9822FE8426D9DCC300BDD510 /* ViewController.swift */ = {isa = PBXFileReference; lastKnownFileType = sourcecode.swift; path = ViewController.swift; sourceTree = "<group>"; };
		9822FE8726D9DCC300BDD510 /* Base */ = {isa = PBXFileReference; lastKnownFileType = file.storyboard; name = Base; path = Base.lproj/Main.storyboard; sourceTree = "<group>"; };
		9822FE8926D9DCD200BDD510 /* Assets.xcassets */ = {isa = PBXFileReference; lastKnownFileType = folder.assetcatalog; path = Assets.xcassets; sourceTree = "<group>"; };
		9822FE8C26D9DCD200BDD510 /* Base */ = {isa = PBXFileReference; lastKnownFileType = file.storyboard; name = Base; path = Base.lproj/LaunchScreen.storyboard; sourceTree = "<group>"; };
		9822FE8E26D9DCD200BDD510 /* Info.plist */ = {isa = PBXFileReference; lastKnownFileType = text.plist.xml; path = Info.plist; sourceTree = "<group>"; };
		9822FE9326D9DCD300BDD510 /* Practica3Tests.xctest */ = {isa = PBXFileReference; explicitFileType = wrapper.cfbundle; includeInIndex = 0; path = Practica3Tests.xctest; sourceTree = BUILT_PRODUCTS_DIR; };
		9822FE9726D9DCD300BDD510 /* Practica3Tests.swift */ = {isa = PBXFileReference; lastKnownFileType = sourcecode.swift; path = Practica3Tests.swift; sourceTree = "<group>"; };
		9822FE9926D9DCD300BDD510 /* Info.plist */ = {isa = PBXFileReference; lastKnownFileType = text.plist.xml; path = Info.plist; sourceTree = "<group>"; };
		9822FE9E26D9DCD300BDD510 /* Practica3UITests.xctest */ = {isa = PBXFileReference; explicitFileType = wrapper.cfbundle; includeInIndex = 0; path = Practica3UITests.xctest; sourceTree = BUILT_PRODUCTS_DIR; };
		9822FEA226D9DCD300BDD510 /* Practica3UITests.swift */ = {isa = PBXFileReference; lastKnownFileType = sourcecode.swift; path = Practica3UITests.swift; sourceTree = "<group>"; };
		9822FEA426D9DCD300BDD510 /* Info.plist */ = {isa = PBXFileReference; lastKnownFileType = text.plist.xml; path = Info.plist; sourceTree = "<group>"; };
/* End PBXFileReference section */

/* Begin PBXFrameworksBuildPhase section */
		9822FE7A26D9DCC200BDD510 /* Frameworks */ = {
			isa = PBXFrameworksBuildPhase;
			buildActionMask = 2147483647;
			files = (
			);
			runOnlyForDeploymentPostprocessing = 0;
		};
		9822FE9026D9DCD300BDD510 /* Frameworks */ = {
			isa = PBXFrameworksBuildPhase;
			buildActionMask = 2147483647;
			files = (
			);
			runOnlyForDeploymentPostprocessing = 0;
		};
		9822FE9B26D9DCD300BDD510 /* Frameworks */ = {
			isa = PBXFrameworksBuildPhase;
			buildActionMask = 2147483647;
			files = (
			);
			runOnlyForDeploymentPostprocessing = 0;
		};
/* End PBXFrameworksBuildPhase section */

/* Begin PBXGroup section */
		9822FE7426D9DCC200BDD510 = {
			isa = PBXGroup;
			children = (
				9822FE7F26D9DCC300BDD510 /* Practica3 */,
				9822FE9626D9DCD300BDD510 /* Practica3Tests */,
				9822FEA126D9DCD300BDD510 /* Practica3UITests */,
				9822FE7E26D9DCC300BDD510 /* Products */,
			);
			sourceTree = "<group>";
		};
		9822FE7E26D9DCC300BDD510 /* Products */ = {
			isa = PBXGroup;
			children = (
				9822FE7D26D9DCC300BDD510 /* Practica3.app */,
				9822FE9326D9DCD300BDD510 /* Practica3Tests.xctest */,
				9822FE9E26D9DCD300BDD510 /* Practica3UITests.xctest */,
			);
			name = Products;
			sourceTree = "<group>";
		};
		9822FE7F26D9DCC300BDD510 /* Practica3 */ = {
			isa = PBXGroup;
			children = (
				9822FE8026D9DCC300BDD510 /* AppDelegate.swift */,
				9822FE8226D9DCC300BDD510 /* SceneDelegate.swift */,
				9822FE8426D9DCC300BDD510 /* ViewController.swift */,
				9822FE8626D9DCC300BDD510 /* Main.storyboard */,
				9822FE8926D9DCD200BDD510 /* Assets.xcassets */,
				9822FE8B26D9DCD200BDD510 /* LaunchScreen.storyboard */,
				9822FE8E26D9DCD200BDD510 /* Info.plist */,
			);
			path = Practica3;
			sourceTree = "<group>";
		};
		9822FE9626D9DCD300BDD510 /* Practica3Tests */ = {
			isa = PBXGroup;
			children = (
				9822FE9726D9DCD300BDD510 /* Practica3Tests.swift */,
				9822FE9926D9DCD300BDD510 /* Info.plist */,
			);
			path = Practica3Tests;
			sourceTree = "<group>";
		};
		9822FEA126D9DCD300BDD510 /* Practica3UITests */ = {
			isa = PBXGroup;
			children = (
				9822FEA226D9DCD300BDD510 /* Practica3UITests.swift */,
				9822FEA426D9DCD300BDD510 /* Info.plist */,
			);
			path = Practica3UITests;
			sourceTree = "<group>";
		};
/* End PBXGroup section */

/* Begin PBXNativeTarget section */
		9822FE7C26D9DCC200BDD510 /* Practica3 */ = {
			isa = PBXNativeTarget;
			buildConfigurationList = 9822FEA726D9DCD300BDD510 /* Build configuration list for PBXNativeTarget "Practica3" */;
			buildPhases = (
				9822FE7926D9DCC200BDD510 /* Sources */,
				9822FE7A26D9DCC200BDD510 /* Frameworks */,
				9822FE7B26D9DCC200BDD510 /* Resources */,
			);
			buildRules = (
			);
			dependencies = (
			);
			name = Practica3;
			productName = Practica3;
			productReference = 9822FE7D26D9DCC300BDD510 /* Practica3.app */;
			productType = "com.apple.product-type.application";
		};
		9822FE9226D9DCD300BDD510 /* Practica3Tests */ = {
			isa = PBXNativeTarget;
			buildConfigurationList = 9822FEAA26D9DCD300BDD510 /* Build configuration list for PBXNativeTarget "Practica3Tests" */;
			buildPhases = (
				9822FE8F26D9DCD300BDD510 /* Sources */,
				9822FE9026D9DCD300BDD510 /* Frameworks */,
				9822FE9126D9DCD300BDD510 /* Resources */,
			);
			buildRules = (
			);
			dependencies = (
				9822FE9526D9DCD300BDD510 /* PBXTargetDependency */,
			);
			name = Practica3Tests;
			productName = Practica3Tests;
			productReference = 9822FE9326D9DCD300BDD510 /* Practica3Tests.xctest */;
			productType = "com.apple.product-type.bundle.unit-test";
		};
		9822FE9D26D9DCD300BDD510 /* Practica3UITests */ = {
			isa = PBXNativeTarget;
			buildConfigurationList = 9822FEAD26D9DCD300BDD510 /* Build configuration list for PBXNativeTarget "Practica3UITests" */;
			buildPhases = (
				9822FE9A26D9DCD300BDD510 /* Sources */,
				9822FE9B26D9DCD300BDD510 /* Frameworks */,
				9822FE9C26D9DCD300BDD510 /* Resources */,
			);
			buildRules = (
			);
			dependencies = (
				9822FEA026D9DCD300BDD510 /* PBXTargetDependency */,
			);
			name = Practica3UITests;
			productName = Practica3UITests;
			productReference = 9822FE9E26D9DCD300BDD510 /* Practica3UITests.xctest */;
			productType = "com.apple.product-type.bundle.ui-testing";
		};
/* End PBXNativeTarget section */

/* Begin PBXProject section */
		9822FE7526D9DCC200BDD510 /* Project object */ = {
			isa = PBXProject;
			attributes = {
				LastSwiftUpdateCheck = 1250;
				LastUpgradeCheck = 1250;
				TargetAttributes = {
					9822FE7C26D9DCC200BDD510 = {
						CreatedOnToolsVersion = 12.5.1;
					};
					9822FE9226D9DCD300BDD510 = {
						CreatedOnToolsVersion = 12.5.1;
						TestTargetID = 9822FE7C26D9DCC200BDD510;
					};
					9822FE9D26D9DCD300BDD510 = {
						CreatedOnToolsVersion = 12.5.1;
						TestTargetID = 9822FE7C26D9DCC200BDD510;
					};
				};
			};
			buildConfigurationList = 9822FE7826D9DCC200BDD510 /* Build configuration list for PBXProject "Practica3" */;
			compatibilityVersion = "Xcode 9.3";
			developmentRegion = en;
			hasScannedForEncodings = 0;
			knownRegions = (
				en,
				Base,
			);
			mainGroup = 9822FE7426D9DCC200BDD510;
			productRefGroup = 9822FE7E26D9DCC300BDD510 /* Products */;
			projectDirPath = "";
			projectRoot = "";
			targets = (
				9822FE7C26D9DCC200BDD510 /* Practica3 */,
				9822FE9226D9DCD300BDD510 /* Practica3Tests */,
				9822FE9D26D9DCD300BDD510 /* Practica3UITests */,
			);
		};
/* End PBXProject section */

/* Begin PBXResourcesBuildPhase section */
		9822FE7B26D9DCC200BDD510 /* Resources */ = {
			isa = PBXResourcesBuildPhase;
			buildActionMask = 2147483647;
			files = (
				9822FE8D26D9DCD200BDD510 /* LaunchScreen.storyboard in Resources */,
				9822FE8A26D9DCD200BDD510 /* Assets.xcassets in Resources */,
				9822FE8826D9DCC300BDD510 /* Main.storyboard in Resources */,
			);
			runOnlyForDeploymentPostprocessing = 0;
		};
		9822FE9126D9DCD300BDD510 /* Resources */ = {
			isa = PBXResourcesBuildPhase;
			buildActionMask = 2147483647;
			files = (
			);
			runOnlyForDeploymentPostprocessing = 0;
		};
		9822FE9C26D9DCD300BDD510 /* Resources */ = {
			isa = PBXResourcesBuildPhase;
			buildActionMask = 2147483647;
			files = (
			);
			runOnlyForDeploymentPostprocessing = 0;
		};
/* End PBXResourcesBuildPhase section */

/* Begin PBXSourcesBuildPhase section */
		9822FE7926D9DCC200BDD510 /* Sources */ = {
			isa = PBXSourcesBuildPhase;
			buildActionMask = 2147483647;
			files = (
				9822FE8526D9DCC300BDD510 /* ViewController.swift in Sources */,
				9822FE8126D9DCC300BDD510 /* AppDelegate.swift in Sources */,
				9822FE8326D9DCC300BDD510 /* SceneDelegate.swift in Sources */,
			);
			runOnlyForDeploymentPostprocessing = 0;
		};
		9822FE8F26D9DCD300BDD510 /* Sources */ = {
			isa = PBXSourcesBuildPhase;
			buildActionMask = 2147483647;
			files = (
				9822FE9826D9DCD300BDD510 /* Practica3Tests.swift in Sources */,
			);
			runOnlyForDeploymentPostprocessing = 0;
		};
		9822FE9A26D9DCD300BDD510 /* Sources */ = {
			isa = PBXSourcesBuildPhase;
			buildActionMask = 2147483647;
			files = (
				9822FEA326D9DCD300BDD510 /* Practica3UITests.swift in Sources */,
			);
			runOnlyForDeploymentPostprocessing = 0;
		};
/* End PBXSourcesBuildPhase section */

/* Begin PBXTargetDependency section */
		9822FE9526D9DCD300BDD510 /* PBXTargetDependency */ = {
			isa = PBXTargetDependency;
			target = 9822FE7C26D9DCC200BDD510 /* Practica3 */;
			targetProxy = 9822FE9426D9DCD300BDD510 /* PBXContainerItemProxy */;
		};
		9822FEA026D9DCD300BDD510 /* PBXTargetDependency */ = {
			isa = PBXTargetDependency;
			target = 9822FE7C26D9DCC200BDD510 /* Practica3 */;
			targetProxy = 9822FE9F26D9DCD300BDD510 /* PBXContainerItemProxy */;
		};
/* End PBXTargetDependency section */

/* Begin PBXVariantGroup section */
		9822FE8626D9DCC300BDD510 /* Main.storyboard */ = {
			isa = PBXVariantGroup;
			children = (
				9822FE8726D9DCC300BDD510 /* Base */,
			);
			name = Main.storyboard;
			sourceTree = "<group>";
		};
		9822FE8B26D9DCD200BDD510 /* LaunchScreen.storyboard */ = {
			isa = PBXVariantGroup;
			children = (
				9822FE8C26D9DCD200BDD510 /* Base */,
			);
			name = LaunchScreen.storyboard;
			sourceTree = "<group>";
		};
/* End PBXVariantGroup section */

/* Begin XCBuildConfiguration section */
		9822FEA526D9DCD300BDD510 /* Debug */ = {
			isa = XCBuildConfiguration;
			buildSettings = {
				ALWAYS_SEARCH_USER_PATHS = NO;
				CLANG_ANALYZER_NONNULL = YES;
				CLANG_ANALYZER_NUMBER_OBJECT_CONVERSION = YES_AGGRESSIVE;
				CLANG_CXX_LANGUAGE_STANDARD = "gnu++14";
				CLANG_CXX_LIBRARY = "libc++";
				CLANG_ENABLE_MODULES = YES;
				CLANG_ENABLE_OBJC_ARC = YES;
				CLANG_ENABLE_OBJC_WEAK = YES;
				CLANG_WARN_BLOCK_CAPTURE_AUTORELEASING = YES;
				CLANG_WARN_BOOL_CONVERSION = YES;
				CLANG_WARN_COMMA = YES;
				CLANG_WARN_CONSTANT_CONVERSION = YES;
				CLANG_WARN_DEPRECATED_OBJC_IMPLEMENTATIONS = YES;
				CLANG_WARN_DIRECT_OBJC_ISA_USAGE = YES_ERROR;
				CLANG_WARN_DOCUMENTATION_COMMENTS = YES;
				CLANG_WARN_EMPTY_BODY = YES;
				CLANG_WARN_ENUM_CONVERSION = YES;
				CLANG_WARN_INFINITE_RECURSION = YES;
				CLANG_WARN_INT_CONVERSION = YES;
				CLANG_WARN_NON_LITERAL_NULL_CONVERSION = YES;
				CLANG_WARN_OBJC_IMPLICIT_RETAIN_SELF = YES;
				CLANG_WARN_OBJC_LITERAL_CONVERSION = YES;
				CLANG_WARN_OBJC_ROOT_CLASS = YES_ERROR;
				CLANG_WARN_QUOTED_INCLUDE_IN_FRAMEWORK_HEADER = YES;
				CLANG_WARN_RANGE_LOOP_ANALYSIS = YES;
				CLANG_WARN_STRICT_PROTOTYPES = YES;
				CLANG_WARN_SUSPICIOUS_MOVE = YES;
				CLANG_WARN_UNGUARDED_AVAILABILITY = YES_AGGRESSIVE;
				CLANG_WARN_UNREACHABLE_CODE = YES;
				CLANG_WARN__DUPLICATE_METHOD_MATCH = YES;
				COPY_PHASE_STRIP = NO;
				DEBUG_INFORMATION_FORMAT = dwarf;
				ENABLE_STRICT_OBJC_MSGSEND = YES;
				ENABLE_TESTABILITY = YES;
				GCC_C_LANGUAGE_STANDARD = gnu11;
				GCC_DYNAMIC_NO_PIC = NO;
				GCC_NO_COMMON_BLOCKS = YES;
				GCC_OPTIMIZATION_LEVEL = 0;
				GCC_PREPROCESSOR_DEFINITIONS = (
					"DEBUG=1",
					"$(inherited)",
				);
				GCC_WARN_64_TO_32_BIT_CONVERSION = YES;
				GCC_WARN_ABOUT_RETURN_TYPE = YES_ERROR;
				GCC_WARN_UNDECLARED_SELECTOR = YES;
				GCC_WARN_UNINITIALIZED_AUTOS = YES_AGGRESSIVE;
				GCC_WARN_UNUSED_FUNCTION = YES;
				GCC_WARN_UNUSED_VARIABLE = YES;
				IPHONEOS_DEPLOYMENT_TARGET = 14.5;
				MTL_ENABLE_DEBUG_INFO = INCLUDE_SOURCE;
				MTL_FAST_MATH = YES;
				ONLY_ACTIVE_ARCH = YES;
				SDKROOT = iphoneos;
				SWIFT_ACTIVE_COMPILATION_CONDITIONS = DEBUG;
				SWIFT_OPTIMIZATION_LEVEL = "-Onone";
			};
			name = Debug;
		};
		9822FEA626D9DCD300BDD510 /* Release */ = {
			isa = XCBuildConfiguration;
			buildSettings = {
				ALWAYS_SEARCH_USER_PATHS = NO;
				CLANG_ANALYZER_NONNULL = YES;
				CLANG_ANALYZER_NUMBER_OBJECT_CONVERSION = YES_AGGRESSIVE;
				CLANG_CXX_LANGUAGE_STANDARD = "gnu++14";
				CLANG_CXX_LIBRARY = "libc++";
				CLANG_ENABLE_MODULES = YES;
				CLANG_ENABLE_OBJC_ARC = YES;
				CLANG_ENABLE_OBJC_WEAK = YES;
				CLANG_WARN_BLOCK_CAPTURE_AUTORELEASING = YES;
				CLANG_WARN_BOOL_CONVERSION = YES;
				CLANG_WARN_COMMA = YES;
				CLANG_WARN_CONSTANT_CONVERSION = YES;
				CLANG_WARN_DEPRECATED_OBJC_IMPLEMENTATIONS = YES;
				CLANG_WARN_DIRECT_OBJC_ISA_USAGE = YES_ERROR;
				CLANG_WARN_DOCUMENTATION_COMMENTS = YES;
				CLANG_WARN_EMPTY_BODY = YES;
				CLANG_WARN_ENUM_CONVERSION = YES;
				CLANG_WARN_INFINITE_RECURSION = YES;
				CLANG_WARN_INT_CONVERSION = YES;
				CLANG_WARN_NON_LITERAL_NULL_CONVERSION = YES;
				CLANG_WARN_OBJC_IMPLICIT_RETAIN_SELF = YES;
				CLANG_WARN_OBJC_LITERAL_CONVERSION = YES;
				CLANG_WARN_OBJC_ROOT_CLASS = YES_ERROR;
				CLANG_WARN_QUOTED_INCLUDE_IN_FRAMEWORK_HEADER = YES;
				CLANG_WARN_RANGE_LOOP_ANALYSIS = YES;
				CLANG_WARN_STRICT_PROTOTYPES = YES;
				CLANG_WARN_SUSPICIOUS_MOVE = YES;
				CLANG_WARN_UNGUARDED_AVAILABILITY = YES_AGGRESSIVE;
				CLANG_WARN_UNREACHABLE_CODE = YES;
				CLANG_WARN__DUPLICATE_METHOD_MATCH = YES;
				COPY_PHASE_STRIP = NO;
				DEBUG_INFORMATION_FORMAT = "dwarf-with-dsym";
				ENABLE_NS_ASSERTIONS = NO;
				ENABLE_STRICT_OBJC_MSGSEND = YES;
				GCC_C_LANGUAGE_STANDARD = gnu11;
				GCC_NO_COMMON_BLOCKS = YES;
				GCC_WARN_64_TO_32_BIT_CONVERSION = YES;
				GCC_WARN_ABOUT_RETURN_TYPE = YES_ERROR;
				GCC_WARN_UNDECLARED_SELECTOR = YES;
				GCC_WARN_UNINITIALIZED_AUTOS = YES_AGGRESSIVE;
				GCC_WARN_UNUSED_FUNCTION = YES;
				GCC_WARN_UNUSED_VARIABLE = YES;
				IPHONEOS_DEPLOYMENT_TARGET = 14.5;
				MTL_ENABLE_DEBUG_INFO = NO;
				MTL_FAST_MATH = YES;
				SDKROOT = iphoneos;
				SWIFT_COMPILATION_MODE = wholemodule;
				SWIFT_OPTIMIZATION_LEVEL = "-O";
				VALIDATE_PRODUCT = YES;
			};
			name = Release;
		};
		9822FEA826D9DCD300BDD510 /* Debug */ = {
			isa = XCBuildConfiguration;
			buildSettings = {
				ASSETCATALOG_COMPILER_APPICON_NAME = AppIcon;
				ASSETCATALOG_COMPILER_GLOBAL_ACCENT_COLOR_NAME = AccentColor;
				CODE_SIGN_STYLE = Automatic;
				INFOPLIST_FILE = Practica3/Info.plist;
				LD_RUNPATH_SEARCH_PATHS = (
					"$(inherited)",
					"@executable_path/Frameworks",
				);
				PRODUCT_BUNDLE_IDENTIFIER = "Carlos-Encinas.Practica3";
				PRODUCT_NAME = "$(TARGET_NAME)";
				SWIFT_VERSION = 5.0;
				TARGETED_DEVICE_FAMILY = "1,2";
			};
			name = Debug;
		};
		9822FEA926D9DCD300BDD510 /* Release */ = {
			isa = XCBuildConfiguration;
			buildSettings = {
				ASSETCATALOG_COMPILER_APPICON_NAME = AppIcon;
				ASSETCATALOG_COMPILER_GLOBAL_ACCENT_COLOR_NAME = AccentColor;
				CODE_SIGN_STYLE = Automatic;
				INFOPLIST_FILE = Practica3/Info.plist;
				LD_RUNPATH_SEARCH_PATHS = (
					"$(inherited)",
					"@executable_path/Frameworks",
				);
				PRODUCT_BUNDLE_IDENTIFIER = "Carlos-Encinas.Practica3";
				PRODUCT_NAME = "$(TARGET_NAME)";
				SWIFT_VERSION = 5.0;
				TARGETED_DEVICE_FAMILY = "1,2";
			};
			name = Release;
		};
		9822FEAB26D9DCD300BDD510 /* Debug */ = {
			isa = XCBuildConfiguration;
			buildSettings = {
				ALWAYS_EMBED_SWIFT_STANDARD_LIBRARIES = YES;
				BUNDLE_LOADER = "$(TEST_HOST)";
				CODE_SIGN_STYLE = Automatic;
				INFOPLIST_FILE = Practica3Tests/Info.plist;
				IPHONEOS_DEPLOYMENT_TARGET = 14.5;
				LD_RUNPATH_SEARCH_PATHS = (
					"$(inherited)",
					"@executable_path/Frameworks",
					"@loader_path/Frameworks",
				);
				PRODUCT_BUNDLE_IDENTIFIER = "Carlos-Encinas.Practica3Tests";
				PRODUCT_NAME = "$(TARGET_NAME)";
				SWIFT_VERSION = 5.0;
				TARGETED_DEVICE_FAMILY = "1,2";
				TEST_HOST = "$(BUILT_PRODUCTS_DIR)/Practica3.app/Practica3";
			};
			name = Debug;
		};
		9822FEAC26D9DCD300BDD510 /* Release */ = {
			isa = XCBuildConfiguration;
			buildSettings = {
				ALWAYS_EMBED_SWIFT_STANDARD_LIBRARIES = YES;
				BUNDLE_LOADER = "$(TEST_HOST)";
				CODE_SIGN_STYLE = Automatic;
				INFOPLIST_FILE = Practica3Tests/Info.plist;
				IPHONEOS_DEPLOYMENT_TARGET = 14.5;
				LD_RUNPATH_SEARCH_PATHS = (
					"$(inherited)",
					"@executable_path/Frameworks",
					"@loader_path/Frameworks",
				);
				PRODUCT_BUNDLE_IDENTIFIER = "Carlos-Encinas.Practica3Tests";
				PRODUCT_NAME = "$(TARGET_NAME)";
				SWIFT_VERSION = 5.0;
				TARGETED_DEVICE_FAMILY = "1,2";
				TEST_HOST = "$(BUILT_PRODUCTS_DIR)/Practica3.app/Practica3";
			};
			name = Release;
		};
		9822FEAE26D9DCD300BDD510 /* Debug */ = {
			isa = XCBuildConfiguration;
			buildSettings = {
				ALWAYS_EMBED_SWIFT_STANDARD_LIBRARIES = YES;
				CODE_SIGN_STYLE = Automatic;
				INFOPLIST_FILE = Practica3UITests/Info.plist;
				LD_RUNPATH_SEARCH_PATHS = (
					"$(inherited)",
					"@executable_path/Frameworks",
					"@loader_path/Frameworks",
				);
				PRODUCT_BUNDLE_IDENTIFIER = "Carlos-Encinas.Practica3UITests";
				PRODUCT_NAME = "$(TARGET_NAME)";
				SWIFT_VERSION = 5.0;
				TARGETED_DEVICE_FAMILY = "1,2";
				TEST_TARGET_NAME = Practica3;
			};
			name = Debug;
		};
		9822FEAF26D9DCD300BDD510 /* Release */ = {
			isa = XCBuildConfiguration;
			buildSettings = {
				ALWAYS_EMBED_SWIFT_STANDARD_LIBRARIES = YES;
				CODE_SIGN_STYLE = Automatic;
				INFOPLIST_FILE = Practica3UITests/Info.plist;
				LD_RUNPATH_SEARCH_PATHS = (
					"$(inherited)",
					"@executable_path/Frameworks",
					"@loader_path/Frameworks",
				);
				PRODUCT_BUNDLE_IDENTIFIER = "Carlos-Encinas.Practica3UITests";
				PRODUCT_NAME = "$(TARGET_NAME)";
				SWIFT_VERSION = 5.0;
				TARGETED_DEVICE_FAMILY = "1,2";
				TEST_TARGET_NAME = Practica3;
			};
			name = Release;
		};
/* End XCBuildConfiguration section */

/* Begin XCConfigurationList section */
		9822FE7826D9DCC200BDD510 /* Build configuration list for PBXProject "Practica3" */ = {
			isa = XCConfigurationList;
			buildConfigurations = (
				9822FEA526D9DCD300BDD510 /* Debug */,
				9822FEA626D9DCD300BDD510 /* Release */,
			);
			defaultConfigurationIsVisible = 0;
			defaultConfigurationName = Release;
		};
		9822FEA726D9DCD300BDD510 /* Build configuration list for PBXNativeTarget "Practica3" */ = {
			isa = XCConfigurationList;
			buildConfigurations = (
				9822FEA826D9DCD300BDD510 /* Debug */,
				9822FEA926D9DCD300BDD510 /* Release */,
			);
			defaultConfigurationIsVisible = 0;
			defaultConfigurationName = Release;
		};
		9822FEAA26D9DCD300BDD510 /* Build configuration list for PBXNativeTarget "Practica3Tests" */ = {
			isa = XCConfigurationList;
			buildConfigurations = (
				9822FEAB26D9DCD300BDD510 /* Debug */,
				9822FEAC26D9DCD300BDD510 /* Release */,
			);
			defaultConfigurationIsVisible = 0;
			defaultConfigurationName = Release;
		};
		9822FEAD26D9DCD300BDD510 /* Build configuration list for PBXNativeTarget "Practica3UITests" */ = {
			isa = XCConfigurationList;
			buildConfigurations = (
				9822FEAE26D9DCD300BDD510 /* Debug */,
				9822FEAF26D9DCD300BDD510 /* Release */,
			);
			defaultConfigurationIsVisible = 0;
			defaultConfigurationName = Release;
		};
/* End XCConfigurationList section */
	};
	rootObject = 9822FE7526D9DCC200BDD510 /* Project object */;
}
